
Microsoft Visual Studio Solution File, Format Version 12.00
# Visual Studio Version 17
VisualStudioVersion = 17.9.34728.123
MinimumVisualStudioVersion = 10.0.40219.1
Project("{FAE04EC0-301F-11D3-BF4B-00C04F79EFBC}") = "Productos", "Productos\Productos.csproj", "{AC1695F4-0B13-42CE-A2EE-4ADBEC308D11}"
EndProject
Global
	GlobalSection(SolutionConfigurationPlatforms) = preSolution
		Debug|Any CPU = Debug|Any CPU
		Release|Any CPU = Release|Any CPU
	EndGlobalSection
	GlobalSection(ProjectConfigurationPlatforms) = postSolution
		{AC1695F4-0B13-42CE-A2EE-4ADBEC308D11}.Debug|Any CPU.ActiveCfg = Debug|Any CPU
		{AC1695F4-0B13-42CE-A2EE-4ADBEC308D11}.Debug|Any CPU.Build.0 = Debug|Any CPU
		{AC1695F4-0B13-42CE-A2EE-4ADBEC308D11}.Release|Any CPU.ActiveCfg = Release|Any CPU
		{AC1695F4-0B13-42CE-A2EE-4ADBEC308D11}.Release|Any CPU.Build.0 = Release|Any CPU
	EndGlobalSection
	GlobalSection(SolutionProperties) = preSolution
		HideSolutionNode = FALSE
	EndGlobalSection
	GlobalSection(ExtensibilityGlobals) = postSolution
		SolutionGuid = {7A9084A2-73B3-443E-9089-CDD7EA33CC58}
	EndGlobalSection
EndGlobal
